{
  "nodes": {
    "intent-system": {
      "flake": false,
      "locked": {
        "lastModified": 1789542924,
        "narHash": "sha256-0r4k3c4L4vgTuvICAsmVOeuJuFkhVRepMRHZhU6CJDM=",
        "owner": "J-Tech-Japan",
        "repo": "intent-system",
        "rev": "ba496314af0602e593b46b3376d4beba4137f400",
        "type": "github"
      },
      "original": {
        "owner": "J-Tech-Japan",
        "repo": "intent-system",
        "type": "github"
      }
    },
    "nixpkgs": {
      "locked": {
        "lastModified": 1781074563,
        "narHash": "sha256-md8WlXOlfnIeHeOScMTTHFyf2d6iaTwPl2apR5EQ3P4=",
        "owner": "NixOS",
        "repo": "nixpkgs",
        "rev": "9ae611a455b90cf061d8f332b977e387bda8e1ca",
        "type": "github"
      },
      "original": {
        "owner": "NixOS",
        "ref": "nixos-unstable",
        "repo": "nixpkgs",
        "type": "github"
      }
    },
    "root": {
      "inputs": {
        "intent-system": "intent-system",
        "nixpkgs": "nixpkgs"
      }
    }
  },
  "root": "root",
  "version": 7
}
