{
  "nodes": {
    "intent-system": {
      "flake": false,
      "locked": {
        "lastModified": 1787875927,
        "narHash": "sha256-zoNGpuuNAKKmsOtCJFWWFNVXG9vMbkt2Amisnc8oNN0=",
        "owner": "J-Tech-Japan",
        "repo": "intent-system",
        "rev": "1ad68963b65a1fe4978d3a0e83d0812842a2de29",
        "type": "github"
      },
      "original": {
        "owner": "J-Tech-Japan",
        "repo": "intent-system",
        "type": "github"
      }
    },
    "nixpkgs": {
      "locked": {
        "lastModified": 1781074563,
        "narHash": "sha256-md8WlXOlfnIeHeOScMTTHFyf2d6iaTwPl2apR5EQ3P4=",
        "owner": "NixOS",
        "repo": "nixpkgs",
        "rev": "9ae611a455b90cf061d8f332b977e387bda8e1ca",
        "type": "github"
      },
      "original": {
        "owner": "NixOS",
        "ref": "nixos-unstable",
        "repo": "nixpkgs",
        "type": "github"
      }
    },
    "root": {
      "inputs": {
        "intent-system": "intent-system",
        "nixpkgs": "nixpkgs"
      }
    }
  },
  "root": "root",
  "version": 7
}
